
Microsoft Visual Studio Solution File, Format Version 12.00
# Visual Studio Version 17
VisualStudioVersion = 17.3.32901.215
MinimumVisualStudioVersion = 10.0.40219.1
Project("{FAE04EC0-301F-11D3-BF4B-00C04F79EFBC}") = "csharp-gestore-eventi", "csharp-gestore-eventi.csproj", "{D965EE94-750C-4D17-95F6-D677EB765188}"
EndProject
Global
	GlobalSection(SolutionConfigurationPlatforms) = preSolution
		Debug|Any CPU = Debug|Any CPU
		Release|Any CPU = Release|Any CPU
	EndGlobalSection
	GlobalSection(ProjectConfigurationPlatforms) = postSolution
		{D965EE94-750C-4D17-95F6-D677EB765188}.Debug|Any CPU.ActiveCfg = Debug|Any CPU
		{D965EE94-750C-4D17-95F6-D677EB765188}.Debug|Any CPU.Build.0 = Debug|Any CPU
		{D965EE94-750C-4D17-95F6-D677EB765188}.Release|Any CPU.ActiveCfg = Release|Any CPU
		{D965EE94-750C-4D17-95F6-D677EB765188}.Release|Any CPU.Build.0 = Release|Any CPU
	EndGlobalSection
	GlobalSection(SolutionProperties) = preSolution
		HideSolutionNode = FALSE
	EndGlobalSection
	GlobalSection(ExtensibilityGlobals) = postSolution
		SolutionGuid = {A092D1FA-1A26-44FF-928E-BBE119D333CB}
	EndGlobalSection
EndGlobal
